
Microsoft Visual Studio Solution File, Format Version 12.00
# Visual Studio Version 17
VisualStudioVersion = 17.1.32421.90
MinimumVisualStudioVersion = 10.0.40219.1
Project("{8BC9CEB8-8B4A-11D0-8D11-00A0C91BC942}") = "Cviceni_8_1", "Cviceni_8_1\Cviceni_8_1.vcxproj", "{C991AF4D-5414-4C9E-8AB4-E223628CB80B}"
EndProject
Project("{8BC9CEB8-8B4A-11D0-8D11-00A0C91BC942}") = "Cviceni_8_2", "Cviceni_8_2\Cviceni_8_2.vcxproj", "{78C74584-AA17-4EFD-AD44-46A8ADDCF82E}"
EndProject
Project("{8BC9CEB8-8B4A-11D0-8D11-00A0C91BC942}") = "Cviceni_8_3", "Cviceni_8_3\Cviceni_8_3.vcxproj", "{475F1942-F777-467A-8F0C-ADA26D6BDE2B}"
EndProject
Global
	GlobalSection(SolutionConfigurationPlatforms) = preSolution
		Debug|x64 = Debug|x64
		Debug|x86 = Debug|x86
		Release|x64 = Release|x64
		Release|x86 = Release|x86
	EndGlobalSection
	GlobalSection(ProjectConfigurationPlatforms) = postSolution
		{C991AF4D-5414-4C9E-8AB4-E223628CB80B}.Debug|x64.ActiveCfg = Debug|x64
		{C991AF4D-5414-4C9E-8AB4-E223628CB80B}.Debug|x64.Build.0 = Debug|x64
		{C991AF4D-5414-4C9E-8AB4-E223628CB80B}.Debug|x86.ActiveCfg = Debug|Win32
		{C991AF4D-5414-4C9E-8AB4-E223628CB80B}.Debug|x86.Build.0 = Debug|Win32
		{C991AF4D-5414-4C9E-8AB4-E223628CB80B}.Release|x64.ActiveCfg = Release|x64
		{C991AF4D-5414-4C9E-8AB4-E223628CB80B}.Release|x64.Build.0 = Release|x64
		{C991AF4D-5414-4C9E-8AB4-E223628CB80B}.Release|x86.ActiveCfg = Release|Win32
		{C991AF4D-5414-4C9E-8AB4-E223628CB80B}.Release|x86.Build.0 = Release|Win32
		{78C74584-AA17-4EFD-AD44-46A8ADDCF82E}.Debug|x64.ActiveCfg = Debug|x64
		{78C74584-AA17-4EFD-AD44-46A8ADDCF82E}.Debug|x64.Build.0 = Debug|x64
		{78C74584-AA17-4EFD-AD44-46A8ADDCF82E}.Debug|x86.ActiveCfg = Debug|Win32
		{78C74584-AA17-4EFD-AD44-46A8ADDCF82E}.Debug|x86.Build.0 = Debug|Win32
		{78C74584-AA17-4EFD-AD44-46A8ADDCF82E}.Release|x64.ActiveCfg = Release|x64
		{78C74584-AA17-4EFD-AD44-46A8ADDCF82E}.Release|x64.Build.0 = Release|x64
		{78C74584-AA17-4EFD-AD44-46A8ADDCF82E}.Release|x86.ActiveCfg = Release|Win32
		{78C74584-AA17-4EFD-AD44-46A8ADDCF82E}.Release|x86.Build.0 = Release|Win32
		{475F1942-F777-467A-8F0C-ADA26D6BDE2B}.Debug|x64.ActiveCfg = Debug|x64
		{475F1942-F777-467A-8F0C-ADA26D6BDE2B}.Debug|x64.Build.0 = Debug|x64
		{475F1942-F777-467A-8F0C-ADA26D6BDE2B}.Debug|x86.ActiveCfg = Debug|Win32
		{475F1942-F777-467A-8F0C-ADA26D6BDE2B}.Debug|x86.Build.0 = Debug|Win32
		{475F1942-F777-467A-8F0C-ADA26D6BDE2B}.Release|x64.ActiveCfg = Release|x64
		{475F1942-F777-467A-8F0C-ADA26D6BDE2B}.Release|x64.Build.0 = Release|x64
		{475F1942-F777-467A-8F0C-ADA26D6BDE2B}.Release|x86.ActiveCfg = Release|Win32
		{475F1942-F777-467A-8F0C-ADA26D6BDE2B}.Release|x86.Build.0 = Release|Win32
	EndGlobalSection
	GlobalSection(SolutionProperties) = preSolution
		HideSolutionNode = FALSE
	EndGlobalSection
	GlobalSection(ExtensibilityGlobals) = postSolution
		SolutionGuid = {832241B1-C654-4AFA-949C-71CA3EA09E39}
	EndGlobalSection
EndGlobal
